// !$*UTF8*$!
{
	archiveVersion = 1;
	classes = {
	};
	objectVersion = 56;
	objects = {

/* Begin PBXBuildFile section */
		BF5BDC8C2A14E9F300BE9811 /* AppDelegate.swift in Sources */ = {isa = PBXBuildFile; fileRef = BF5BDC8B2A14E9F300BE9811 /* AppDelegate.swift */; };
		BF5BDC8E2A14E9F300BE9811 /* SceneDelegate.swift in Sources */ = {isa = PBXBuildFile; fileRef = BF5BDC8D2A14E9F300BE9811 /* SceneDelegate.swift */; };
		BF5BDC902A14E9F300BE9811 /* ViewController.swift in Sources */ = {isa = PBXBuildFile; fileRef = BF5BDC8F2A14E9F300BE9811 /* ViewController.swift */; };
		BF5BDC932A14E9F300BE9811 /* Main.storyboard in Resources */ = {isa = PBXBuildFile; fileRef = BF5BDC912A14E9F300BE9811 /* Main.storyboard */; };
		BF5BDC952A14E9F500BE9811 /* Assets.xcassets in Resources */ = {isa = PBXBuildFile; fileRef = BF5BDC942A14E9F500BE9811 /* Assets.xcassets */; };
		BF5BDC982A14E9F500BE9811 /* LaunchScreen.storyboard in Resources */ = {isa = PBXBuildFile; fileRef = BF5BDC962A14E9F500BE9811 /* LaunchScreen.storyboard */; };
		BF5BDCA12A14F75800BE9811 /* SnapKit in Frameworks */ = {isa = PBXBuildFile; productRef = BF5BDCA02A14F75800BE9811 /* SnapKit */; };
		BF5BDCA42A153DCC00BE9811 /* WeatherService.swift in Sources */ = {isa = PBXBuildFile; fileRef = BF5BDCA32A153DCC00BE9811 /* WeatherService.swift */; };
/* End PBXBuildFile section */

/* Begin PBXFileReference section */
		BF5BDC882A14E9F300BE9811 /* ApiWeather.app */ = {isa = PBXFileReference; explicitFileType = wrapper.application; includeInIndex = 0; path = ApiWeather.app; sourceTree = BUILT_PRODUCTS_DIR; };
		BF5BDC8B2A14E9F300BE9811 /* AppDelegate.swift */ = {isa = PBXFileReference; lastKnownFileType = sourcecode.swift; path = AppDelegate.swift; sourceTree = "<group>"; };
		BF5BDC8D2A14E9F300BE9811 /* SceneDelegate.swift */ = {isa = PBXFileReference; lastKnownFileType = sourcecode.swift; path = SceneDelegate.swift; sourceTree = "<group>"; };
		BF5BDC8F2A14E9F300BE9811 /* ViewController.swift */ = {isa = PBXFileReference; lastKnownFileType = sourcecode.swift; path = ViewController.swift; sourceTree = "<group>"; };
		BF5BDC922A14E9F300BE9811 /* Base */ = {isa = PBXFileReference; lastKnownFileType = file.storyboard; name = Base; path = Base.lproj/Main.storyboard; sourceTree = "<group>"; };
		BF5BDC942A14E9F500BE9811 /* Assets.xcassets */ = {isa = PBXFileReference; lastKnownFileType = folder.assetcatalog; path = Assets.xcassets; sourceTree = "<group>"; };
		BF5BDC972A14E9F500BE9811 /* Base */ = {isa = PBXFileReference; lastKnownFileType = file.storyboard; name = Base; path = Base.lproj/LaunchScreen.storyboard; sourceTree = "<group>"; };
		BF5BDC992A14E9F500BE9811 /* Info.plist */ = {isa = PBXFileReference; lastKnownFileType = text.plist.xml; path = Info.plist; sourceTree = "<group>"; };
		BF5BDCA32A153DCC00BE9811 /* WeatherService.swift */ = {isa = PBXFileReference; lastKnownFileType = sourcecode.swift; path = WeatherService.swift; sourceTree = "<group>"; };
/* End PBXFileReference section */

/* Begin PBXFrameworksBuildPhase section */
		BF5BDC852A14E9F300BE9811 /* Frameworks */ = {
			isa = PBXFrameworksBuildPhase;
			buildActionMask = 2147483647;
			files = (
				BF5BDCA12A14F75800BE9811 /* SnapKit in Frameworks */,
			);
			runOnlyForDeploymentPostprocessing = 0;
		};
/* End PBXFrameworksBuildPhase section */

/* Begin PBXGroup section */
		BF5BDC7F2A14E9F300BE9811 = {
			isa = PBXGroup;
			children = (
				BF5BDC8A2A14E9F300BE9811 /* ApiWeather */,
				BF5BDC892A14E9F300BE9811 /* Products */,
			);
			sourceTree = "<group>";
		};
		BF5BDC892A14E9F300BE9811 /* Products */ = {
			isa = PBXGroup;
			children = (
				BF5BDC882A14E9F300BE9811 /* ApiWeather.app */,
			);
			name = Products;
			sourceTree = "<group>";
		};
		BF5BDC8A2A14E9F300BE9811 /* ApiWeather */ = {
			isa = PBXGroup;
			children = (
				BF5BDCA22A153DBB00BE9811 /* Servce */,
				BF5BDC8B2A14E9F300BE9811 /* AppDelegate.swift */,
				BF5BDC8D2A14E9F300BE9811 /* SceneDelegate.swift */,
				BF5BDC8F2A14E9F300BE9811 /* ViewController.swift */,
				BF5BDC912A14E9F300BE9811 /* Main.storyboard */,
				BF5BDC942A14E9F500BE9811 /* Assets.xcassets */,
				BF5BDC962A14E9F500BE9811 /* LaunchScreen.storyboard */,
				BF5BDC992A14E9F500BE9811 /* Info.plist */,
			);
			path = ApiWeather;
			sourceTree = "<group>";
		};
		BF5BDCA22A153DBB00BE9811 /* Servce */ = {
			isa = PBXGroup;
			children = (
				BF5BDCA32A153DCC00BE9811 /* WeatherService.swift */,
			);
			path = Servce;
			sourceTree = "<group>";
		};
/* End PBXGroup section */

/* Begin PBXNativeTarget section */
		BF5BDC872A14E9F300BE9811 /* ApiWeather */ = {
			isa = PBXNativeTarget;
			buildConfigurationList = BF5BDC9C2A14E9F500BE9811 /* Build configuration list for PBXNativeTarget "ApiWeather" */;
			buildPhases = (
				BF5BDC842A14E9F300BE9811 /* Sources */,
				BF5BDC852A14E9F300BE9811 /* Frameworks */,
				BF5BDC862A14E9F300BE9811 /* Resources */,
			);
			buildRules = (
			);
			dependencies = (
			);
			name = ApiWeather;
			packageProductDependencies = (
				BF5BDCA02A14F75800BE9811 /* SnapKit */,
			);
			productName = ApiWeather;
			productReference = BF5BDC882A14E9F300BE9811 /* ApiWeather.app */;
			productType = "com.apple.product-type.application";
		};
/* End PBXNativeTarget section */

/* Begin PBXProject section */
		BF5BDC802A14E9F300BE9811 /* Project object */ = {
			isa = PBXProject;
			attributes = {
				BuildIndependentTargetsInParallel = 1;
				LastSwiftUpdateCheck = 1410;
				LastUpgradeCheck = 1410;
				TargetAttributes = {
					BF5BDC872A14E9F300BE9811 = {
						CreatedOnToolsVersion = 14.1;
					};
				};
			};
			buildConfigurationList = BF5BDC832A14E9F300BE9811 /* Build configuration list for PBXProject "ApiWeather" */;
			compatibilityVersion = "Xcode 14.0";
			developmentRegion = en;
			hasScannedForEncodings = 0;
			knownRegions = (
				en,
				Base,
			);
			mainGroup = BF5BDC7F2A14E9F300BE9811;
			packageReferences = (
				BF5BDC9F2A14F75800BE9811 /* XCRemoteSwiftPackageReference "SnapKit" */,
			);
			productRefGroup = BF5BDC892A14E9F300BE9811 /* Products */;
			projectDirPath = "";
			projectRoot = "";
			targets = (
				BF5BDC872A14E9F300BE9811 /* ApiWeather */,
			);
		};
/* End PBXProject section */

/* Begin PBXResourcesBuildPhase section */
		BF5BDC862A14E9F300BE9811 /* Resources */ = {
			isa = PBXResourcesBuildPhase;
			buildActionMask = 2147483647;
			files = (
				BF5BDC982A14E9F500BE9811 /* LaunchScreen.storyboard in Resources */,
				BF5BDC952A14E9F500BE9811 /* Assets.xcassets in Resources */,
				BF5BDC932A14E9F300BE9811 /* Main.storyboard in Resources */,
			);
			runOnlyForDeploymentPostprocessing = 0;
		};
/* End PBXResourcesBuildPhase section */

/* Begin PBXSourcesBuildPhase section */
		BF5BDC842A14E9F300BE9811 /* Sources */ = {
			isa = PBXSourcesBuildPhase;
			buildActionMask = 2147483647;
			files = (
				BF5BDCA42A153DCC00BE9811 /* WeatherService.swift in Sources */,
				BF5BDC902A14E9F300BE9811 /* ViewController.swift in Sources */,
				BF5BDC8C2A14E9F300BE9811 /* AppDelegate.swift in Sources */,
				BF5BDC8E2A14E9F300BE9811 /* SceneDelegate.swift in Sources */,
			);
			runOnlyForDeploymentPostprocessing = 0;
		};
/* End PBXSourcesBuildPhase section */

/* Begin PBXVariantGroup section */
		BF5BDC912A14E9F300BE9811 /* Main.storyboard */ = {
			isa = PBXVariantGroup;
			children = (
				BF5BDC922A14E9F300BE9811 /* Base */,
			);
			name = Main.storyboard;
			sourceTree = "<group>";
		};
		BF5BDC962A14E9F500BE9811 /* LaunchScreen.storyboard */ = {
			isa = PBXVariantGroup;
			children = (
				BF5BDC972A14E9F500BE9811 /* Base */,
			);
			name = LaunchScreen.storyboard;
			sourceTree = "<group>";
		};
/* End PBXVariantGroup section */

/* Begin XCBuildConfiguration section */
		BF5BDC9A2A14E9F500BE9811 /* Debug */ = {
			isa = XCBuildConfiguration;
			buildSettings = {
				ALWAYS_SEARCH_USER_PATHS = NO;
				CLANG_ANALYZER_NONNULL = YES;
				CLANG_ANALYZER_NUMBER_OBJECT_CONVERSION = YES_AGGRESSIVE;
				CLANG_CXX_LANGUAGE_STANDARD = "gnu++20";
				CLANG_ENABLE_MODULES = YES;
				CLANG_ENABLE_OBJC_ARC = YES;
				CLANG_ENABLE_OBJC_WEAK = YES;
				CLANG_WARN_BLOCK_CAPTURE_AUTORELEASING = YES;
				CLANG_WARN_BOOL_CONVERSION = YES;
				CLANG_WARN_COMMA = YES;
				CLANG_WARN_CONSTANT_CONVERSION = YES;
				CLANG_WARN_DEPRECATED_OBJC_IMPLEMENTATIONS = YES;
				CLANG_WARN_DIRECT_OBJC_ISA_USAGE = YES_ERROR;
				CLANG_WARN_DOCUMENTATION_COMMENTS = YES;
				CLANG_WARN_EMPTY_BODY = YES;
				CLANG_WARN_ENUM_CONVERSION = YES;
				CLANG_WARN_INFINITE_RECURSION = YES;
				CLANG_WARN_INT_CONVERSION = YES;
				CLANG_WARN_NON_LITERAL_NULL_CONVERSION = YES;
				CLANG_WARN_OBJC_IMPLICIT_RETAIN_SELF = YES;
				CLANG_WARN_OBJC_LITERAL_CONVERSION = YES;
				CLANG_WARN_OBJC_ROOT_CLASS = YES_ERROR;
				CLANG_WARN_QUOTED_INCLUDE_IN_FRAMEWORK_HEADER = YES;
				CLANG_WARN_RANGE_LOOP_ANALYSIS = YES;
				CLANG_WARN_STRICT_PROTOTYPES = YES;
				CLANG_WARN_SUSPICIOUS_MOVE = YES;
				CLANG_WARN_UNGUARDED_AVAILABILITY = YES_AGGRESSIVE;
				CLANG_WARN_UNREACHABLE_CODE = YES;
				CLANG_WARN__DUPLICATE_METHOD_MATCH = YES;
				COPY_PHASE_STRIP = NO;
				DEBUG_INFORMATION_FORMAT = dwarf;
				ENABLE_STRICT_OBJC_MSGSEND = YES;
				ENABLE_TESTABILITY = YES;
				GCC_C_LANGUAGE_STANDARD = gnu11;
				GCC_DYNAMIC_NO_PIC = NO;
				GCC_NO_COMMON_BLOCKS = YES;
				GCC_OPTIMIZATION_LEVEL = 0;
				GCC_PREPROCESSOR_DEFINITIONS = (
					"DEBUG=1",
					"$(inherited)",
				);
				GCC_WARN_64_TO_32_BIT_CONVERSION = YES;
				GCC_WARN_ABOUT_RETURN_TYPE = YES_ERROR;
				GCC_WARN_UNDECLARED_SELECTOR = YES;
				GCC_WARN_UNINITIALIZED_AUTOS = YES_AGGRESSIVE;
				GCC_WARN_UNUSED_FUNCTION = YES;
				GCC_WARN_UNUSED_VARIABLE = YES;
				IPHONEOS_DEPLOYMENT_TARGET = 16.1;
				MTL_ENABLE_DEBUG_INFO = INCLUDE_SOURCE;
				MTL_FAST_MATH = YES;
				ONLY_ACTIVE_ARCH = YES;
				SDKROOT = iphoneos;
				SWIFT_ACTIVE_COMPILATION_CONDITIONS = DEBUG;
				SWIFT_OPTIMIZATION_LEVEL = "-Onone";
			};
			name = Debug;
		};
		BF5BDC9B2A14E9F500BE9811 /* Release */ = {
			isa = XCBuildConfiguration;
			buildSettings = {
				ALWAYS_SEARCH_USER_PATHS = NO;
				CLANG_ANALYZER_NONNULL = YES;
				CLANG_ANALYZER_NUMBER_OBJECT_CONVERSION = YES_AGGRESSIVE;
				CLANG_CXX_LANGUAGE_STANDARD = "gnu++20";
				CLANG_ENABLE_MODULES = YES;
				CLANG_ENABLE_OBJC_ARC = YES;
				CLANG_ENABLE_OBJC_WEAK = YES;
				CLANG_WARN_BLOCK_CAPTURE_AUTORELEASING = YES;
				CLANG_WARN_BOOL_CONVERSION = YES;
				CLANG_WARN_COMMA = YES;
				CLANG_WARN_CONSTANT_CONVERSION = YES;
				CLANG_WARN_DEPRECATED_OBJC_IMPLEMENTATIONS = YES;
				CLANG_WARN_DIRECT_OBJC_ISA_USAGE = YES_ERROR;
				CLANG_WARN_DOCUMENTATION_COMMENTS = YES;
				CLANG_WARN_EMPTY_BODY = YES;
				CLANG_WARN_ENUM_CONVERSION = YES;
				CLANG_WARN_INFINITE_RECURSION = YES;
				CLANG_WARN_INT_CONVERSION = YES;
				CLANG_WARN_NON_LITERAL_NULL_CONVERSION = YES;
				CLANG_WARN_OBJC_IMPLICIT_RETAIN_SELF = YES;
				CLANG_WARN_OBJC_LITERAL_CONVERSION = YES;
				CLANG_WARN_OBJC_ROOT_CLASS = YES_ERROR;
				CLANG_WARN_QUOTED_INCLUDE_IN_FRAMEWORK_HEADER = YES;
				CLANG_WARN_RANGE_LOOP_ANALYSIS = YES;
				CLANG_WARN_STRICT_PROTOTYPES = YES;
				CLANG_WARN_SUSPICIOUS_MOVE = YES;
				CLANG_WARN_UNGUARDED_AVAILABILITY = YES_AGGRESSIVE;
				CLANG_WARN_UNREACHABLE_CODE = YES;
				CLANG_WARN__DUPLICATE_METHOD_MATCH = YES;
				COPY_PHASE_STRIP = NO;
				DEBUG_INFORMATION_FORMAT = "dwarf-with-dsym";
				ENABLE_NS_ASSERTIONS = NO;
				ENABLE_STRICT_OBJC_MSGSEND = YES;
				GCC_C_LANGUAGE_STANDARD = gnu11;
				GCC_NO_COMMON_BLOCKS = YES;
				GCC_WARN_64_TO_32_BIT_CONVERSION = YES;
				GCC_WARN_ABOUT_RETURN_TYPE = YES_ERROR;
				GCC_WARN_UNDECLARED_SELECTOR = YES;
				GCC_WARN_UNINITIALIZED_AUTOS = YES_AGGRESSIVE;
				GCC_WARN_UNUSED_FUNCTION = YES;
				GCC_WARN_UNUSED_VARIABLE = YES;
				IPHONEOS_DEPLOYMENT_TARGET = 16.1;
				MTL_ENABLE_DEBUG_INFO = NO;
				MTL_FAST_MATH = YES;
				SDKROOT = iphoneos;
				SWIFT_COMPILATION_MODE = wholemodule;
				SWIFT_OPTIMIZATION_LEVEL = "-O";
				VALIDATE_PRODUCT = YES;
			};
			name = Release;
		};
		BF5BDC9D2A14E9F500BE9811 /* Debug */ = {
			isa = XCBuildConfiguration;
			buildSettings = {
				ASSETCATALOG_COMPILER_APPICON_NAME = AppIcon;
				ASSETCATALOG_COMPILER_GLOBAL_ACCENT_COLOR_NAME = AccentColor;
				CODE_SIGN_STYLE = Automatic;
				CURRENT_PROJECT_VERSION = 1;
				DEVELOPMENT_TEAM = 68M6FDGMA6;
				GENERATE_INFOPLIST_FILE = YES;
				INFOPLIST_FILE = ApiWeather/Info.plist;
				INFOPLIST_KEY_UIApplicationSupportsIndirectInputEvents = YES;
				INFOPLIST_KEY_UILaunchStoryboardName = LaunchScreen;
				INFOPLIST_KEY_UIMainStoryboardFile = Main;
				INFOPLIST_KEY_UISupportedInterfaceOrientations_iPad = "UIInterfaceOrientationPortrait UIInterfaceOrientationPortraitUpsideDown UIInterfaceOrientationLandscapeLeft UIInterfaceOrientationLandscapeRight";
				INFOPLIST_KEY_UISupportedInterfaceOrientations_iPhone = "UIInterfaceOrientationPortrait UIInterfaceOrientationLandscapeLeft UIInterfaceOrientationLandscapeRight";
				LD_RUNPATH_SEARCH_PATHS = (
					"$(inherited)",
					"@executable_path/Frameworks",
				);
				MARKETING_VERSION = 1.0;
				PRODUCT_BUNDLE_IDENTIFIER = com.AlperErden.ApiWeather;
				PRODUCT_NAME = "$(TARGET_NAME)";
				SWIFT_EMIT_LOC_STRINGS = YES;
				SWIFT_VERSION = 5.0;
				TARGETED_DEVICE_FAMILY = "1,2";
			};
			name = Debug;
		};
		BF5BDC9E2A14E9F500BE9811 /* Release */ = {
			isa = XCBuildConfiguration;
			buildSettings = {
				ASSETCATALOG_COMPILER_APPICON_NAME = AppIcon;
				ASSETCATALOG_COMPILER_GLOBAL_ACCENT_COLOR_NAME = AccentColor;
				CODE_SIGN_STYLE = Automatic;
				CURRENT_PROJECT_VERSION = 1;
				DEVELOPMENT_TEAM = 68M6FDGMA6;
				GENERATE_INFOPLIST_FILE = YES;
				INFOPLIST_FILE = ApiWeather/Info.plist;
				INFOPLIST_KEY_UIApplicationSupportsIndirectInputEvents = YES;
				INFOPLIST_KEY_UILaunchStoryboardName = LaunchScreen;
				INFOPLIST_KEY_UIMainStoryboardFile = Main;
				INFOPLIST_KEY_UISupportedInterfaceOrientations_iPad = "UIInterfaceOrientationPortrait UIInterfaceOrientationPortraitUpsideDown UIInterfaceOrientationLandscapeLeft UIInterfaceOrientationLandscapeRight";
				INFOPLIST_KEY_UISupportedInterfaceOrientations_iPhone = "UIInterfaceOrientationPortrait UIInterfaceOrientationLandscapeLeft UIInterfaceOrientationLandscapeRight";
				LD_RUNPATH_SEARCH_PATHS = (
					"$(inherited)",
					"@executable_path/Frameworks",
				);
				MARKETING_VERSION = 1.0;
				PRODUCT_BUNDLE_IDENTIFIER = com.AlperErden.ApiWeather;
				PRODUCT_NAME = "$(TARGET_NAME)";
				SWIFT_EMIT_LOC_STRINGS = YES;
				SWIFT_VERSION = 5.0;
				TARGETED_DEVICE_FAMILY = "1,2";
			};
			name = Release;
		};
/* End XCBuildConfiguration section */

/* Begin XCConfigurationList section */
		BF5BDC832A14E9F300BE9811 /* Build configuration list for PBXProject "ApiWeather" */ = {
			isa = XCConfigurationList;
			buildConfigurations = (
				BF5BDC9A2A14E9F500BE9811 /* Debug */,
				BF5BDC9B2A14E9F500BE9811 /* Release */,
			);
			defaultConfigurationIsVisible = 0;
			defaultConfigurationName = Release;
		};
		BF5BDC9C2A14E9F500BE9811 /* Build configuration list for PBXNativeTarget "ApiWeather" */ = {
			isa = XCConfigurationList;
			buildConfigurations = (
				BF5BDC9D2A14E9F500BE9811 /* Debug */,
				BF5BDC9E2A14E9F500BE9811 /* Release */,
			);
			defaultConfigurationIsVisible = 0;
			defaultConfigurationName = Release;
		};
/* End XCConfigurationList section */

/* Begin XCRemoteSwiftPackageReference section */
		BF5BDC9F2A14F75800BE9811 /* XCRemoteSwiftPackageReference "SnapKit" */ = {
			isa = XCRemoteSwiftPackageReference;
			repositoryURL = "https://github.com/SnapKit/SnapKit";
			requirement = {
				branch = develop;
				kind = branch;
			};
		};
/* End XCRemoteSwiftPackageReference section */

/* Begin XCSwiftPackageProductDependency section */
		BF5BDCA02A14F75800BE9811 /* SnapKit */ = {
			isa = XCSwiftPackageProductDependency;
			package = BF5BDC9F2A14F75800BE9811 /* XCRemoteSwiftPackageReference "SnapKit" */;
			productName = SnapKit;
		};
/* End XCSwiftPackageProductDependency section */
	};
	rootObject = BF5BDC802A14E9F300BE9811 /* Project object */;
}
